
Microsoft Visual Studio Solution File, Format Version 12.00
# Visual Studio Version 16
VisualStudioVersion = 16.0.29806.167
MinimumVisualStudioVersion = 10.0.40219.1
Project("{FAE04EC0-301F-11D3-BF4B-00C04F79EFBC}") = "Adapter", "Adapter\Adapter.csproj", "{3153FD92-1563-42E5-9F2A-B19B8C32E194}"
EndProject
Global
	GlobalSection(SolutionConfigurationPlatforms) = preSolution
		Debug|Any CPU = Debug|Any CPU
		Release|Any CPU = Release|Any CPU
	EndGlobalSection
	GlobalSection(ProjectConfigurationPlatforms) = postSolution
		{3153FD92-1563-42E5-9F2A-B19B8C32E194}.Debug|Any CPU.ActiveCfg = Debug|Any CPU
		{3153FD92-1563-42E5-9F2A-B19B8C32E194}.Debug|Any CPU.Build.0 = Debug|Any CPU
		{3153FD92-1563-42E5-9F2A-B19B8C32E194}.Release|Any CPU.ActiveCfg = Release|Any CPU
		{3153FD92-1563-42E5-9F2A-B19B8C32E194}.Release|Any CPU.Build.0 = Release|Any CPU
	EndGlobalSection
	GlobalSection(SolutionProperties) = preSolution
		HideSolutionNode = FALSE
	EndGlobalSection
	GlobalSection(ExtensibilityGlobals) = postSolution
		SolutionGuid = {B7517B7C-5BDC-4598-B8D2-6225D5994FF6}
	EndGlobalSection
EndGlobal
